// !$*UTF8*$!
{
	archiveVersion = 1;
	classes = {
	};
	objectVersion = 55;
	objects = {

/* Begin PBXBuildFile section */
		4518F4CC2903BD2D00AAC676 /* UserRepository.swift in Sources */ = {isa = PBXBuildFile; fileRef = 4518F4CB2903BD2D00AAC676 /* UserRepository.swift */; };
		4518F4E22928754E00AAC676 /* dummy_users.json in Resources */ = {isa = PBXBuildFile; fileRef = 4518F4E12928754E00AAC676 /* dummy_users.json */; };
		452D7095297C0CA800AAE83D /* UserListViewModelTest.swift in Sources */ = {isa = PBXBuildFile; fileRef = 452D7094297C0CA800AAE83D /* UserListViewModelTest.swift */; };
		452ECA4829651A4400188FF7 /* ErrorReloadView.swift in Sources */ = {isa = PBXBuildFile; fileRef = 452ECA4729651A4400188FF7 /* ErrorReloadView.swift */; };
		452ECA4A29652FD100188FF7 /* LoadingView.swift in Sources */ = {isa = PBXBuildFile; fileRef = 452ECA4929652FD100188FF7 /* LoadingView.swift */; };
		452ECA4C29654B7000188FF7 /* UserInfoView.swift in Sources */ = {isa = PBXBuildFile; fileRef = 452ECA4B29654B7000188FF7 /* UserInfoView.swift */; };
		452ECA4E29655DF200188FF7 /* APIClient.swift in Sources */ = {isa = PBXBuildFile; fileRef = 452ECA4D29655DF200188FF7 /* APIClient.swift */; };
		452ECA502965605800188FF7 /* APIEndPoint.swift in Sources */ = {isa = PBXBuildFile; fileRef = 452ECA4F2965605800188FF7 /* APIEndPoint.swift */; };
		452ECA522965A0C400188FF7 /* APIClientTest.swift in Sources */ = {isa = PBXBuildFile; fileRef = 452ECA512965A0C400188FF7 /* APIClientTest.swift */; };
		4557ADCB27EE971C00D070BA /* Swift_Concurrency_TrainingApp.swift in Sources */ = {isa = PBXBuildFile; fileRef = 4557ADCA27EE971C00D070BA /* Swift_Concurrency_TrainingApp.swift */; };
		4557ADCF27EE971D00D070BA /* Assets.xcassets in Resources */ = {isa = PBXBuildFile; fileRef = 4557ADCE27EE971D00D070BA /* Assets.xcassets */; };
		4557ADD227EE971D00D070BA /* Preview Assets.xcassets in Resources */ = {isa = PBXBuildFile; fileRef = 4557ADD127EE971D00D070BA /* Preview Assets.xcassets */; };
		4590EFF129679B1E00CBA53E /* UserRepositoryTest.swift in Sources */ = {isa = PBXBuildFile; fileRef = 4590EFF029679B1E00CBA53E /* UserRepositoryTest.swift */; };
		45A6375129850EFF00757DFB /* EntwineTest in Frameworks */ = {isa = PBXBuildFile; productRef = 45A6375029850EFF00757DFB /* EntwineTest */; };
		45C7CBE428FA58DE00B31B42 /* UserAPIResponse.swift in Sources */ = {isa = PBXBuildFile; fileRef = 45C7CBE328FA58DE00B31B42 /* UserAPIResponse.swift */; };
		45F3628928CB166E00C0F206 /* UserListView.swift in Sources */ = {isa = PBXBuildFile; fileRef = 45F3628828CB166E00C0F206 /* UserListView.swift */; };
		45F3628B28D55B9F00C0F206 /* UserListViewModel.swift in Sources */ = {isa = PBXBuildFile; fileRef = 45F3628A28D55B9F00C0F206 /* UserListViewModel.swift */; };
		DF5B0572FB730D122E3BB582 /* Pods_Swift_Concurrency_Training.framework in Frameworks */ = {isa = PBXBuildFile; fileRef = 7B8986128EE80C7BA782813C /* Pods_Swift_Concurrency_Training.framework */; };
		FC3F8897A285B18FD911C749 /* Pods_Swift_Concurrency_TrainingTests.framework in Frameworks */ = {isa = PBXBuildFile; fileRef = 355F1D7401598F8B9C0327FD /* Pods_Swift_Concurrency_TrainingTests.framework */; };
/* End PBXBuildFile section */

/* Begin PBXContainerItemProxy section */
		4518F4D52916627D00AAC676 /* PBXContainerItemProxy */ = {
			isa = PBXContainerItemProxy;
			containerPortal = 4557ADBF27EE971C00D070BA /* Project object */;
			proxyType = 1;
			remoteGlobalIDString = 4557ADC627EE971C00D070BA;
			remoteInfo = "Swift-Concurrency-Training";
		};
/* End PBXContainerItemProxy section */

/* Begin PBXFileReference section */
		2F4D392DB045872EF5D95FD3 /* Pods-Swift-Concurrency-Training.release.xcconfig */ = {isa = PBXFileReference; includeInIndex = 1; lastKnownFileType = text.xcconfig; name = "Pods-Swift-Concurrency-Training.release.xcconfig"; path = "Target Support Files/Pods-Swift-Concurrency-Training/Pods-Swift-Concurrency-Training.release.xcconfig"; sourceTree = "<group>"; };
		355F1D7401598F8B9C0327FD /* Pods_Swift_Concurrency_TrainingTests.framework */ = {isa = PBXFileReference; explicitFileType = wrapper.framework; includeInIndex = 0; path = Pods_Swift_Concurrency_TrainingTests.framework; sourceTree = BUILT_PRODUCTS_DIR; };
		4518F4CB2903BD2D00AAC676 /* UserRepository.swift */ = {isa = PBXFileReference; lastKnownFileType = sourcecode.swift; path = UserRepository.swift; sourceTree = "<group>"; };
		4518F4D12916627D00AAC676 /* Swift-Concurrency-TrainingTests.xctest */ = {isa = PBXFileReference; explicitFileType = wrapper.cfbundle; includeInIndex = 0; path = "Swift-Concurrency-TrainingTests.xctest"; sourceTree = BUILT_PRODUCTS_DIR; };
		4518F4E12928754E00AAC676 /* dummy_users.json */ = {isa = PBXFileReference; fileEncoding = 4; lastKnownFileType = text.json; path = dummy_users.json; sourceTree = "<group>"; };
		452D7094297C0CA800AAE83D /* UserListViewModelTest.swift */ = {isa = PBXFileReference; lastKnownFileType = sourcecode.swift; path = UserListViewModelTest.swift; sourceTree = "<group>"; };
		452ECA4729651A4400188FF7 /* ErrorReloadView.swift */ = {isa = PBXFileReference; lastKnownFileType = sourcecode.swift; path = ErrorReloadView.swift; sourceTree = "<group>"; };
		452ECA4929652FD100188FF7 /* LoadingView.swift */ = {isa = PBXFileReference; lastKnownFileType = sourcecode.swift; path = LoadingView.swift; sourceTree = "<group>"; };
		452ECA4B29654B7000188FF7 /* UserInfoView.swift */ = {isa = PBXFileReference; lastKnownFileType = sourcecode.swift; path = UserInfoView.swift; sourceTree = "<group>"; };
		452ECA4D29655DF200188FF7 /* APIClient.swift */ = {isa = PBXFileReference; lastKnownFileType = sourcecode.swift; path = APIClient.swift; sourceTree = "<group>"; };
		452ECA4F2965605800188FF7 /* APIEndPoint.swift */ = {isa = PBXFileReference; lastKnownFileType = sourcecode.swift; path = APIEndPoint.swift; sourceTree = "<group>"; };
		452ECA512965A0C400188FF7 /* APIClientTest.swift */ = {isa = PBXFileReference; lastKnownFileType = sourcecode.swift; path = APIClientTest.swift; sourceTree = "<group>"; };
		4557ADC727EE971C00D070BA /* Swift-Concurrency-Training.app */ = {isa = PBXFileReference; explicitFileType = wrapper.application; includeInIndex = 0; path = "Swift-Concurrency-Training.app"; sourceTree = BUILT_PRODUCTS_DIR; };
		4557ADCA27EE971C00D070BA /* Swift_Concurrency_TrainingApp.swift */ = {isa = PBXFileReference; lastKnownFileType = sourcecode.swift; path = Swift_Concurrency_TrainingApp.swift; sourceTree = "<group>"; };
		4557ADCE27EE971D00D070BA /* Assets.xcassets */ = {isa = PBXFileReference; lastKnownFileType = folder.assetcatalog; path = Assets.xcassets; sourceTree = "<group>"; };
		4557ADD127EE971D00D070BA /* Preview Assets.xcassets */ = {isa = PBXFileReference; lastKnownFileType = folder.assetcatalog; path = "Preview Assets.xcassets"; sourceTree = "<group>"; };
		4590EFF029679B1E00CBA53E /* UserRepositoryTest.swift */ = {isa = PBXFileReference; lastKnownFileType = sourcecode.swift; path = UserRepositoryTest.swift; sourceTree = "<group>"; };
		45C7CBE328FA58DE00B31B42 /* UserAPIResponse.swift */ = {isa = PBXFileReference; lastKnownFileType = sourcecode.swift; path = UserAPIResponse.swift; sourceTree = "<group>"; };
		45F3628828CB166E00C0F206 /* UserListView.swift */ = {isa = PBXFileReference; lastKnownFileType = sourcecode.swift; path = UserListView.swift; sourceTree = "<group>"; };
		45F3628A28D55B9F00C0F206 /* UserListViewModel.swift */ = {isa = PBXFileReference; lastKnownFileType = sourcecode.swift; path = UserListViewModel.swift; sourceTree = "<group>"; };
		6B3F4FFE65F2B5520A9443BD /* Pods-Swift-Concurrency-TrainingTests.debug.xcconfig */ = {isa = PBXFileReference; includeInIndex = 1; lastKnownFileType = text.xcconfig; name = "Pods-Swift-Concurrency-TrainingTests.debug.xcconfig"; path = "Target Support Files/Pods-Swift-Concurrency-TrainingTests/Pods-Swift-Concurrency-TrainingTests.debug.xcconfig"; sourceTree = "<group>"; };
		7B8986128EE80C7BA782813C /* Pods_Swift_Concurrency_Training.framework */ = {isa = PBXFileReference; explicitFileType = wrapper.framework; includeInIndex = 0; path = Pods_Swift_Concurrency_Training.framework; sourceTree = BUILT_PRODUCTS_DIR; };
		95932335C0372E82BBDE90C4 /* Pods-Swift-Concurrency-Training.debug.xcconfig */ = {isa = PBXFileReference; includeInIndex = 1; lastKnownFileType = text.xcconfig; name = "Pods-Swift-Concurrency-Training.debug.xcconfig"; path = "Target Support Files/Pods-Swift-Concurrency-Training/Pods-Swift-Concurrency-Training.debug.xcconfig"; sourceTree = "<group>"; };
		B785B2AF9D3DA0B6401E388A /* Pods-Swift-Concurrency-TrainingTests.release.xcconfig */ = {isa = PBXFileReference; includeInIndex = 1; lastKnownFileType = text.xcconfig; name = "Pods-Swift-Concurrency-TrainingTests.release.xcconfig"; path = "Target Support Files/Pods-Swift-Concurrency-TrainingTests/Pods-Swift-Concurrency-TrainingTests.release.xcconfig"; sourceTree = "<group>"; };
/* End PBXFileReference section */

/* Begin PBXFrameworksBuildPhase section */
		4518F4CE2916627D00AAC676 /* Frameworks */ = {
			isa = PBXFrameworksBuildPhase;
			buildActionMask = 2147483647;
			files = (
				FC3F8897A285B18FD911C749 /* Pods_Swift_Concurrency_TrainingTests.framework in Frameworks */,
			);
			runOnlyForDeploymentPostprocessing = 0;
		};
		4557ADC427EE971C00D070BA /* Frameworks */ = {
			isa = PBXFrameworksBuildPhase;
			buildActionMask = 2147483647;
			files = (
				DF5B0572FB730D122E3BB582 /* Pods_Swift_Concurrency_Training.framework in Frameworks */,
				45A6375129850EFF00757DFB /* EntwineTest in Frameworks */,
			);
			runOnlyForDeploymentPostprocessing = 0;
		};
/* End PBXFrameworksBuildPhase section */

/* Begin PBXGroup section */
		1DA9B543FCB01EF716C94BA7 /* Frameworks */ = {
			isa = PBXGroup;
			children = (
				7B8986128EE80C7BA782813C /* Pods_Swift_Concurrency_Training.framework */,
				355F1D7401598F8B9C0327FD /* Pods_Swift_Concurrency_TrainingTests.framework */,
			);
			name = Frameworks;
			sourceTree = "<group>";
		};
		4518F4D22916627D00AAC676 /* Swift-Concurrency-TrainingTests */ = {
			isa = PBXGroup;
			children = (
				452D7093297C0C8D00AAE83D /* ViewModel */,
				4518F4E02928752900AAC676 /* Resource */,
				4518F4DA29166AD100AAC676 /* Model */,
			);
			path = "Swift-Concurrency-TrainingTests";
			sourceTree = "<group>";
		};
		4518F4DA29166AD100AAC676 /* Model */ = {
			isa = PBXGroup;
			children = (
				452ECA512965A0C400188FF7 /* APIClientTest.swift */,
				4590EFF029679B1E00CBA53E /* UserRepositoryTest.swift */,
			);
			path = Model;
			sourceTree = "<group>";
		};
		4518F4E02928752900AAC676 /* Resource */ = {
			isa = PBXGroup;
			children = (
				4518F4E12928754E00AAC676 /* dummy_users.json */,
			);
			path = Resource;
			sourceTree = "<group>";
		};
		452D7093297C0C8D00AAE83D /* ViewModel */ = {
			isa = PBXGroup;
			children = (
				452D7094297C0CA800AAE83D /* UserListViewModelTest.swift */,
			);
			path = ViewModel;
			sourceTree = "<group>";
		};
		4557ADBE27EE971C00D070BA = {
			isa = PBXGroup;
			children = (
				4557ADC927EE971C00D070BA /* Swift-Concurrency-Training */,
				4518F4D22916627D00AAC676 /* Swift-Concurrency-TrainingTests */,
				4557ADC827EE971C00D070BA /* Products */,
				B1A4BF915EACF5E5788242DB /* Pods */,
				1DA9B543FCB01EF716C94BA7 /* Frameworks */,
			);
			sourceTree = "<group>";
		};
		4557ADC827EE971C00D070BA /* Products */ = {
			isa = PBXGroup;
			children = (
				4557ADC727EE971C00D070BA /* Swift-Concurrency-Training.app */,
				4518F4D12916627D00AAC676 /* Swift-Concurrency-TrainingTests.xctest */,
			);
			name = Products;
			sourceTree = "<group>";
		};
		4557ADC927EE971C00D070BA /* Swift-Concurrency-Training */ = {
			isa = PBXGroup;
			children = (
				4557ADCA27EE971C00D070BA /* Swift_Concurrency_TrainingApp.swift */,
				45F3628328B9D25700C0F206 /* View */,
				45F3628428B9D26200C0F206 /* ViewModel */,
				45F3628528B9D27D00C0F206 /* Model */,
				45EFCA7B27FFD3920087B8CF /* DataSource */,
				4557ADD027EE971D00D070BA /* Preview Content */,
			);
			path = "Swift-Concurrency-Training";
			sourceTree = "<group>";
		};
		4557ADD027EE971D00D070BA /* Preview Content */ = {
			isa = PBXGroup;
			children = (
				4557ADD127EE971D00D070BA /* Preview Assets.xcassets */,
			);
			path = "Preview Content";
			sourceTree = "<group>";
		};
		45EFCA7B27FFD3920087B8CF /* DataSource */ = {
			isa = PBXGroup;
			children = (
				4557ADCE27EE971D00D070BA /* Assets.xcassets */,
			);
			path = DataSource;
			sourceTree = "<group>";
		};
		45F3628328B9D25700C0F206 /* View */ = {
			isa = PBXGroup;
			children = (
				45F3628828CB166E00C0F206 /* UserListView.swift */,
				452ECA4729651A4400188FF7 /* ErrorReloadView.swift */,
				452ECA4929652FD100188FF7 /* LoadingView.swift */,
				452ECA4B29654B7000188FF7 /* UserInfoView.swift */,
			);
			path = View;
			sourceTree = "<group>";
		};
		45F3628428B9D26200C0F206 /* ViewModel */ = {
			isa = PBXGroup;
			children = (
				45F3628A28D55B9F00C0F206 /* UserListViewModel.swift */,
			);
			path = ViewModel;
			sourceTree = "<group>";
		};
		45F3628528B9D27D00C0F206 /* Model */ = {
			isa = PBXGroup;
			children = (
				4518F4CB2903BD2D00AAC676 /* UserRepository.swift */,
				45C7CBE328FA58DE00B31B42 /* UserAPIResponse.swift */,
				452ECA4D29655DF200188FF7 /* APIClient.swift */,
				452ECA4F2965605800188FF7 /* APIEndPoint.swift */,
			);
			path = Model;
			sourceTree = "<group>";
		};
		B1A4BF915EACF5E5788242DB /* Pods */ = {
			isa = PBXGroup;
			children = (
				95932335C0372E82BBDE90C4 /* Pods-Swift-Concurrency-Training.debug.xcconfig */,
				2F4D392DB045872EF5D95FD3 /* Pods-Swift-Concurrency-Training.release.xcconfig */,
				6B3F4FFE65F2B5520A9443BD /* Pods-Swift-Concurrency-TrainingTests.debug.xcconfig */,
				B785B2AF9D3DA0B6401E388A /* Pods-Swift-Concurrency-TrainingTests.release.xcconfig */,
			);
			path = Pods;
			sourceTree = "<group>";
		};
/* End PBXGroup section */

/* Begin PBXNativeTarget section */
		4518F4D02916627D00AAC676 /* Swift-Concurrency-TrainingTests */ = {
			isa = PBXNativeTarget;
			buildConfigurationList = 4518F4D72916627D00AAC676 /* Build configuration list for PBXNativeTarget "Swift-Concurrency-TrainingTests" */;
			buildPhases = (
				F3DD66F9265ED27F54587437 /* [CP] Check Pods Manifest.lock */,
				4518F4CD2916627D00AAC676 /* Sources */,
				4518F4CE2916627D00AAC676 /* Frameworks */,
				4518F4CF2916627D00AAC676 /* Resources */,
				0107C954C1F09B236FB23B32 /* [CP] Embed Pods Frameworks */,
			);
			buildRules = (
			);
			dependencies = (
				4518F4D62916627D00AAC676 /* PBXTargetDependency */,
			);
			name = "Swift-Concurrency-TrainingTests";
			productName = "Swift-Concurrency-TrainingTests";
			productReference = 4518F4D12916627D00AAC676 /* Swift-Concurrency-TrainingTests.xctest */;
			productType = "com.apple.product-type.bundle.unit-test";
		};
		4557ADC627EE971C00D070BA /* Swift-Concurrency-Training */ = {
			isa = PBXNativeTarget;
			buildConfigurationList = 4557ADD527EE971D00D070BA /* Build configuration list for PBXNativeTarget "Swift-Concurrency-Training" */;
			buildPhases = (
				32FF11C146C9B55B12DAD10E /* [CP] Check Pods Manifest.lock */,
				4557ADC327EE971C00D070BA /* Sources */,
				4557ADC427EE971C00D070BA /* Frameworks */,
				4557ADC527EE971C00D070BA /* Resources */,
			);
			buildRules = (
			);
			dependencies = (
			);
			name = "Swift-Concurrency-Training";
			packageProductDependencies = (
				45A6375029850EFF00757DFB /* EntwineTest */,
			);
			productName = "Swift-Concurrency-Training";
			productReference = 4557ADC727EE971C00D070BA /* Swift-Concurrency-Training.app */;
			productType = "com.apple.product-type.application";
		};
/* End PBXNativeTarget section */

/* Begin PBXProject section */
		4557ADBF27EE971C00D070BA /* Project object */ = {
			isa = PBXProject;
			attributes = {
				BuildIndependentTargetsInParallel = 1;
				LastSwiftUpdateCheck = 1340;
				LastUpgradeCheck = 1320;
				TargetAttributes = {
					4518F4D02916627D00AAC676 = {
						CreatedOnToolsVersion = 13.4.1;
						TestTargetID = 4557ADC627EE971C00D070BA;
					};
					4557ADC627EE971C00D070BA = {
						CreatedOnToolsVersion = 13.2.1;
					};
				};
			};
			buildConfigurationList = 4557ADC227EE971C00D070BA /* Build configuration list for PBXProject "Swift-Concurrency-Training" */;
			compatibilityVersion = "Xcode 13.0";
			developmentRegion = en;
			hasScannedForEncodings = 0;
			knownRegions = (
				en,
				Base,
			);
			mainGroup = 4557ADBE27EE971C00D070BA;
			packageReferences = (
				45A6374F29850EFF00757DFB /* XCRemoteSwiftPackageReference "Entwine" */,
			);
			productRefGroup = 4557ADC827EE971C00D070BA /* Products */;
			projectDirPath = "";
			projectRoot = "";
			targets = (
				4557ADC627EE971C00D070BA /* Swift-Concurrency-Training */,
				4518F4D02916627D00AAC676 /* Swift-Concurrency-TrainingTests */,
			);
		};
/* End PBXProject section */

/* Begin PBXResourcesBuildPhase section */
		4518F4CF2916627D00AAC676 /* Resources */ = {
			isa = PBXResourcesBuildPhase;
			buildActionMask = 2147483647;
			files = (
				4518F4E22928754E00AAC676 /* dummy_users.json in Resources */,
			);
			runOnlyForDeploymentPostprocessing = 0;
		};
		4557ADC527EE971C00D070BA /* Resources */ = {
			isa = PBXResourcesBuildPhase;
			buildActionMask = 2147483647;
			files = (
				4557ADD227EE971D00D070BA /* Preview Assets.xcassets in Resources */,
				4557ADCF27EE971D00D070BA /* Assets.xcassets in Resources */,
			);
			runOnlyForDeploymentPostprocessing = 0;
		};
/* End PBXResourcesBuildPhase section */

/* Begin PBXShellScriptBuildPhase section */
		0107C954C1F09B236FB23B32 /* [CP] Embed Pods Frameworks */ = {
			isa = PBXShellScriptBuildPhase;
			buildActionMask = 2147483647;
			files = (
			);
			inputFileListPaths = (
				"${PODS_ROOT}/Target Support Files/Pods-Swift-Concurrency-TrainingTests/Pods-Swift-Concurrency-TrainingTests-frameworks-${CONFIGURATION}-input-files.xcfilelist",
			);
			name = "[CP] Embed Pods Frameworks";
			outputFileListPaths = (
				"${PODS_ROOT}/Target Support Files/Pods-Swift-Concurrency-TrainingTests/Pods-Swift-Concurrency-TrainingTests-frameworks-${CONFIGURATION}-output-files.xcfilelist",
			);
			runOnlyForDeploymentPostprocessing = 0;
			shellPath = /bin/sh;
			shellScript = "\"${PODS_ROOT}/Target Support Files/Pods-Swift-Concurrency-TrainingTests/Pods-Swift-Concurrency-TrainingTests-frameworks.sh\"\n";
			showEnvVarsInLog = 0;
		};
		32FF11C146C9B55B12DAD10E /* [CP] Check Pods Manifest.lock */ = {
			isa = PBXShellScriptBuildPhase;
			buildActionMask = 2147483647;
			files = (
			);
			inputFileListPaths = (
			);
			inputPaths = (
				"${PODS_PODFILE_DIR_PATH}/Podfile.lock",
				"${PODS_ROOT}/Manifest.lock",
			);
			name = "[CP] Check Pods Manifest.lock";
			outputFileListPaths = (
			);
			outputPaths = (
				"$(DERIVED_FILE_DIR)/Pods-Swift-Concurrency-Training-checkManifestLockResult.txt",
			);
			runOnlyForDeploymentPostprocessing = 0;
			shellPath = /bin/sh;
			shellScript = "diff \"${PODS_PODFILE_DIR_PATH}/Podfile.lock\" \"${PODS_ROOT}/Manifest.lock\" > /dev/null\nif [ $? != 0 ] ; then\n    # print error to STDERR\n    echo \"error: The sandbox is not in sync with the Podfile.lock. Run 'pod install' or update your CocoaPods installation.\" >&2\n    exit 1\nfi\n# This output is used by Xcode 'outputs' to avoid re-running this script phase.\necho \"SUCCESS\" > \"${SCRIPT_OUTPUT_FILE_0}\"\n";
			showEnvVarsInLog = 0;
		};
		F3DD66F9265ED27F54587437 /* [CP] Check Pods Manifest.lock */ = {
			isa = PBXShellScriptBuildPhase;
			buildActionMask = 2147483647;
			files = (
			);
			inputFileListPaths = (
			);
			inputPaths = (
				"${PODS_PODFILE_DIR_PATH}/Podfile.lock",
				"${PODS_ROOT}/Manifest.lock",
			);
			name = "[CP] Check Pods Manifest.lock";
			outputFileListPaths = (
			);
			outputPaths = (
				"$(DERIVED_FILE_DIR)/Pods-Swift-Concurrency-TrainingTests-checkManifestLockResult.txt",
			);
			runOnlyForDeploymentPostprocessing = 0;
			shellPath = /bin/sh;
			shellScript = "diff \"${PODS_PODFILE_DIR_PATH}/Podfile.lock\" \"${PODS_ROOT}/Manifest.lock\" > /dev/null\nif [ $? != 0 ] ; then\n    # print error to STDERR\n    echo \"error: The sandbox is not in sync with the Podfile.lock. Run 'pod install' or update your CocoaPods installation.\" >&2\n    exit 1\nfi\n# This output is used by Xcode 'outputs' to avoid re-running this script phase.\necho \"SUCCESS\" > \"${SCRIPT_OUTPUT_FILE_0}\"\n";
			showEnvVarsInLog = 0;
		};
/* End PBXShellScriptBuildPhase section */

/* Begin PBXSourcesBuildPhase section */
		4518F4CD2916627D00AAC676 /* Sources */ = {
			isa = PBXSourcesBuildPhase;
			buildActionMask = 2147483647;
			files = (
				4590EFF129679B1E00CBA53E /* UserRepositoryTest.swift in Sources */,
				452D7095297C0CA800AAE83D /* UserListViewModelTest.swift in Sources */,
				452ECA522965A0C400188FF7 /* APIClientTest.swift in Sources */,
			);
			runOnlyForDeploymentPostprocessing = 0;
		};
		4557ADC327EE971C00D070BA /* Sources */ = {
			isa = PBXSourcesBuildPhase;
			buildActionMask = 2147483647;
			files = (
				452ECA502965605800188FF7 /* APIEndPoint.swift in Sources */,
				452ECA4C29654B7000188FF7 /* UserInfoView.swift in Sources */,
				452ECA4829651A4400188FF7 /* ErrorReloadView.swift in Sources */,
				45F3628928CB166E00C0F206 /* UserListView.swift in Sources */,
				452ECA4E29655DF200188FF7 /* APIClient.swift in Sources */,
				45F3628B28D55B9F00C0F206 /* UserListViewModel.swift in Sources */,
				4518F4CC2903BD2D00AAC676 /* UserRepository.swift in Sources */,
				4557ADCB27EE971C00D070BA /* Swift_Concurrency_TrainingApp.swift in Sources */,
				452ECA4A29652FD100188FF7 /* LoadingView.swift in Sources */,
				45C7CBE428FA58DE00B31B42 /* UserAPIResponse.swift in Sources */,
			);
			runOnlyForDeploymentPostprocessing = 0;
		};
/* End PBXSourcesBuildPhase section */

/* Begin PBXTargetDependency section */
		4518F4D62916627D00AAC676 /* PBXTargetDependency */ = {
			isa = PBXTargetDependency;
			target = 4557ADC627EE971C00D070BA /* Swift-Concurrency-Training */;
			targetProxy = 4518F4D52916627D00AAC676 /* PBXContainerItemProxy */;
		};
/* End PBXTargetDependency section */

/* Begin XCBuildConfiguration section */
		4518F4D82916627D00AAC676 /* Debug */ = {
			isa = XCBuildConfiguration;
			baseConfigurationReference = 6B3F4FFE65F2B5520A9443BD /* Pods-Swift-Concurrency-TrainingTests.debug.xcconfig */;
			buildSettings = {
				BUNDLE_LOADER = "$(TEST_HOST)";
				CODE_SIGN_STYLE = Automatic;
				CURRENT_PROJECT_VERSION = 1;
				DEVELOPMENT_TEAM = PC429995YF;
				GENERATE_INFOPLIST_FILE = YES;
				IPHONEOS_DEPLOYMENT_TARGET = 15.5;
				MARKETING_VERSION = 1.0;
				PRODUCT_BUNDLE_IDENTIFIER = "com.kawahara.Swift-Concurrency-TrainingTests";
				PRODUCT_NAME = "$(TARGET_NAME)";
				SWIFT_EMIT_LOC_STRINGS = NO;
				SWIFT_VERSION = 5.0;
				TARGETED_DEVICE_FAMILY = "1,2";
				TEST_HOST = "$(BUILT_PRODUCTS_DIR)/Swift-Concurrency-Training.app/Swift-Concurrency-Training";
			};
			name = Debug;
		};
		4518F4D92916627D00AAC676 /* Release */ = {
			isa = XCBuildConfiguration;
			baseConfigurationReference = B785B2AF9D3DA0B6401E388A /* Pods-Swift-Concurrency-TrainingTests.release.xcconfig */;
			buildSettings = {
				BUNDLE_LOADER = "$(TEST_HOST)";
				CODE_SIGN_STYLE = Automatic;
				CURRENT_PROJECT_VERSION = 1;
				DEVELOPMENT_TEAM = PC429995YF;
				GENERATE_INFOPLIST_FILE = YES;
				IPHONEOS_DEPLOYMENT_TARGET = 15.5;
				MARKETING_VERSION = 1.0;
				PRODUCT_BUNDLE_IDENTIFIER = "com.kawahara.Swift-Concurrency-TrainingTests";
				PRODUCT_NAME = "$(TARGET_NAME)";
				SWIFT_EMIT_LOC_STRINGS = NO;
				SWIFT_VERSION = 5.0;
				TARGETED_DEVICE_FAMILY = "1,2";
				TEST_HOST = "$(BUILT_PRODUCTS_DIR)/Swift-Concurrency-Training.app/Swift-Concurrency-Training";
			};
			name = Release;
		};
		4557ADD327EE971D00D070BA /* Debug */ = {
			isa = XCBuildConfiguration;
			buildSettings = {
				ALWAYS_SEARCH_USER_PATHS = NO;
				CLANG_ANALYZER_NONNULL = YES;
				CLANG_ANALYZER_NUMBER_OBJECT_CONVERSION = YES_AGGRESSIVE;
				CLANG_CXX_LANGUAGE_STANDARD = "gnu++17";
				CLANG_CXX_LIBRARY = "libc++";
				CLANG_ENABLE_MODULES = YES;
				CLANG_ENABLE_OBJC_ARC = YES;
				CLANG_ENABLE_OBJC_WEAK = YES;
				CLANG_WARN_BLOCK_CAPTURE_AUTORELEASING = YES;
				CLANG_WARN_BOOL_CONVERSION = YES;
				CLANG_WARN_COMMA = YES;
				CLANG_WARN_CONSTANT_CONVERSION = YES;
				CLANG_WARN_DEPRECATED_OBJC_IMPLEMENTATIONS = YES;
				CLANG_WARN_DIRECT_OBJC_ISA_USAGE = YES_ERROR;
				CLANG_WARN_DOCUMENTATION_COMMENTS = YES;
				CLANG_WARN_EMPTY_BODY = YES;
				CLANG_WARN_ENUM_CONVERSION = YES;
				CLANG_WARN_INFINITE_RECURSION = YES;
				CLANG_WARN_INT_CONVERSION = YES;
				CLANG_WARN_NON_LITERAL_NULL_CONVERSION = YES;
				CLANG_WARN_OBJC_IMPLICIT_RETAIN_SELF = YES;
				CLANG_WARN_OBJC_LITERAL_CONVERSION = YES;
				CLANG_WARN_OBJC_ROOT_CLASS = YES_ERROR;
				CLANG_WARN_QUOTED_INCLUDE_IN_FRAMEWORK_HEADER = YES;
				CLANG_WARN_RANGE_LOOP_ANALYSIS = YES;
				CLANG_WARN_STRICT_PROTOTYPES = YES;
				CLANG_WARN_SUSPICIOUS_MOVE = YES;
				CLANG_WARN_UNGUARDED_AVAILABILITY = YES_AGGRESSIVE;
				CLANG_WARN_UNREACHABLE_CODE = YES;
				CLANG_WARN__DUPLICATE_METHOD_MATCH = YES;
				COPY_PHASE_STRIP = NO;
				DEBUG_INFORMATION_FORMAT = dwarf;
				ENABLE_STRICT_OBJC_MSGSEND = YES;
				ENABLE_TESTABILITY = YES;
				GCC_C_LANGUAGE_STANDARD = gnu11;
				GCC_DYNAMIC_NO_PIC = NO;
				GCC_NO_COMMON_BLOCKS = YES;
				GCC_OPTIMIZATION_LEVEL = 0;
				GCC_PREPROCESSOR_DEFINITIONS = (
					"DEBUG=1",
					"$(inherited)",
				);
				GCC_WARN_64_TO_32_BIT_CONVERSION = YES;
				GCC_WARN_ABOUT_RETURN_TYPE = YES_ERROR;
				GCC_WARN_UNDECLARED_SELECTOR = YES;
				GCC_WARN_UNINITIALIZED_AUTOS = YES_AGGRESSIVE;
				GCC_WARN_UNUSED_FUNCTION = YES;
				GCC_WARN_UNUSED_VARIABLE = YES;
				IPHONEOS_DEPLOYMENT_TARGET = 15.2;
				MTL_ENABLE_DEBUG_INFO = INCLUDE_SOURCE;
				MTL_FAST_MATH = YES;
				ONLY_ACTIVE_ARCH = YES;
				SDKROOT = iphoneos;
				SWIFT_ACTIVE_COMPILATION_CONDITIONS = DEBUG;
				SWIFT_OPTIMIZATION_LEVEL = "-Onone";
			};
			name = Debug;
		};
		4557ADD427EE971D00D070BA /* Release */ = {
			isa = XCBuildConfiguration;
			buildSettings = {
				ALWAYS_SEARCH_USER_PATHS = NO;
				CLANG_ANALYZER_NONNULL = YES;
				CLANG_ANALYZER_NUMBER_OBJECT_CONVERSION = YES_AGGRESSIVE;
				CLANG_CXX_LANGUAGE_STANDARD = "gnu++17";
				CLANG_CXX_LIBRARY = "libc++";
				CLANG_ENABLE_MODULES = YES;
				CLANG_ENABLE_OBJC_ARC = YES;
				CLANG_ENABLE_OBJC_WEAK = YES;
				CLANG_WARN_BLOCK_CAPTURE_AUTORELEASING = YES;
				CLANG_WARN_BOOL_CONVERSION = YES;
				CLANG_WARN_COMMA = YES;
				CLANG_WARN_CONSTANT_CONVERSION = YES;
				CLANG_WARN_DEPRECATED_OBJC_IMPLEMENTATIONS = YES;
				CLANG_WARN_DIRECT_OBJC_ISA_USAGE = YES_ERROR;
				CLANG_WARN_DOCUMENTATION_COMMENTS = YES;
				CLANG_WARN_EMPTY_BODY = YES;
				CLANG_WARN_ENUM_CONVERSION = YES;
				CLANG_WARN_INFINITE_RECURSION = YES;
				CLANG_WARN_INT_CONVERSION = YES;
				CLANG_WARN_NON_LITERAL_NULL_CONVERSION = YES;
				CLANG_WARN_OBJC_IMPLICIT_RETAIN_SELF = YES;
				CLANG_WARN_OBJC_LITERAL_CONVERSION = YES;
				CLANG_WARN_OBJC_ROOT_CLASS = YES_ERROR;
				CLANG_WARN_QUOTED_INCLUDE_IN_FRAMEWORK_HEADER = YES;
				CLANG_WARN_RANGE_LOOP_ANALYSIS = YES;
				CLANG_WARN_STRICT_PROTOTYPES = YES;
				CLANG_WARN_SUSPICIOUS_MOVE = YES;
				CLANG_WARN_UNGUARDED_AVAILABILITY = YES_AGGRESSIVE;
				CLANG_WARN_UNREACHABLE_CODE = YES;
				CLANG_WARN__DUPLICATE_METHOD_MATCH = YES;
				COPY_PHASE_STRIP = NO;
				DEBUG_INFORMATION_FORMAT = "dwarf-with-dsym";
				ENABLE_NS_ASSERTIONS = NO;
				ENABLE_STRICT_OBJC_MSGSEND = YES;
				GCC_C_LANGUAGE_STANDARD = gnu11;
				GCC_NO_COMMON_BLOCKS = YES;
				GCC_WARN_64_TO_32_BIT_CONVERSION = YES;
				GCC_WARN_ABOUT_RETURN_TYPE = YES_ERROR;
				GCC_WARN_UNDECLARED_SELECTOR = YES;
				GCC_WARN_UNINITIALIZED_AUTOS = YES_AGGRESSIVE;
				GCC_WARN_UNUSED_FUNCTION = YES;
				GCC_WARN_UNUSED_VARIABLE = YES;
				IPHONEOS_DEPLOYMENT_TARGET = 15.2;
				MTL_ENABLE_DEBUG_INFO = NO;
				MTL_FAST_MATH = YES;
				SDKROOT = iphoneos;
				SWIFT_COMPILATION_MODE = wholemodule;
				SWIFT_OPTIMIZATION_LEVEL = "-O";
				VALIDATE_PRODUCT = YES;
			};
			name = Release;
		};
		4557ADD627EE971D00D070BA /* Debug */ = {
			isa = XCBuildConfiguration;
			baseConfigurationReference = 95932335C0372E82BBDE90C4 /* Pods-Swift-Concurrency-Training.debug.xcconfig */;
			buildSettings = {
				ASSETCATALOG_COMPILER_APPICON_NAME = AppIcon;
				ASSETCATALOG_COMPILER_GLOBAL_ACCENT_COLOR_NAME = AccentColor;
				CODE_SIGN_STYLE = Automatic;
				CURRENT_PROJECT_VERSION = 1;
				DEVELOPMENT_ASSET_PATHS = "\"Swift-Concurrency-Training/Preview Content\"";
				DEVELOPMENT_TEAM = PC429995YF;
				ENABLE_PREVIEWS = YES;
				GENERATE_INFOPLIST_FILE = YES;
				INFOPLIST_KEY_UIApplicationSceneManifest_Generation = YES;
				INFOPLIST_KEY_UIApplicationSupportsIndirectInputEvents = YES;
				INFOPLIST_KEY_UILaunchScreen_Generation = YES;
				INFOPLIST_KEY_UISupportedInterfaceOrientations_iPad = "UIInterfaceOrientationPortrait UIInterfaceOrientationPortraitUpsideDown UIInterfaceOrientationLandscapeLeft UIInterfaceOrientationLandscapeRight";
				INFOPLIST_KEY_UISupportedInterfaceOrientations_iPhone = "UIInterfaceOrientationPortrait UIInterfaceOrientationLandscapeLeft UIInterfaceOrientationLandscapeRight";
				LD_RUNPATH_SEARCH_PATHS = (
					"$(inherited)",
					"@executable_path/Frameworks",
				);
				MARKETING_VERSION = 1.0;
				PRODUCT_BUNDLE_IDENTIFIER = "com.kawahara.Swift-Concurrency-Training";
				PRODUCT_NAME = "$(TARGET_NAME)";
				SWIFT_EMIT_LOC_STRINGS = YES;
				SWIFT_VERSION = 5.0;
				TARGETED_DEVICE_FAMILY = "1,2";
			};
			name = Debug;
		};
		4557ADD727EE971D00D070BA /* Release */ = {
			isa = XCBuildConfiguration;
			baseConfigurationReference = 2F4D392DB045872EF5D95FD3 /* Pods-Swift-Concurrency-Training.release.xcconfig */;
			buildSettings = {
				ASSETCATALOG_COMPILER_APPICON_NAME = AppIcon;
				ASSETCATALOG_COMPILER_GLOBAL_ACCENT_COLOR_NAME = AccentColor;
				CODE_SIGN_STYLE = Automatic;
				CURRENT_PROJECT_VERSION = 1;
				DEVELOPMENT_ASSET_PATHS = "\"Swift-Concurrency-Training/Preview Content\"";
				DEVELOPMENT_TEAM = PC429995YF;
				ENABLE_PREVIEWS = YES;
				GENERATE_INFOPLIST_FILE = YES;
				INFOPLIST_KEY_UIApplicationSceneManifest_Generation = YES;
				INFOPLIST_KEY_UIApplicationSupportsIndirectInputEvents = YES;
				INFOPLIST_KEY_UILaunchScreen_Generation = YES;
				INFOPLIST_KEY_UISupportedInterfaceOrientations_iPad = "UIInterfaceOrientationPortrait UIInterfaceOrientationPortraitUpsideDown UIInterfaceOrientationLandscapeLeft UIInterfaceOrientationLandscapeRight";
				INFOPLIST_KEY_UISupportedInterfaceOrientations_iPhone = "UIInterfaceOrientationPortrait UIInterfaceOrientationLandscapeLeft UIInterfaceOrientationLandscapeRight";
				LD_RUNPATH_SEARCH_PATHS = (
					"$(inherited)",
					"@executable_path/Frameworks",
				);
				MARKETING_VERSION = 1.0;
				PRODUCT_BUNDLE_IDENTIFIER = "com.kawahara.Swift-Concurrency-Training";
				PRODUCT_NAME = "$(TARGET_NAME)";
				SWIFT_EMIT_LOC_STRINGS = YES;
				SWIFT_VERSION = 5.0;
				TARGETED_DEVICE_FAMILY = "1,2";
			};
			name = Release;
		};
/* End XCBuildConfiguration section */

/* Begin XCConfigurationList section */
		4518F4D72916627D00AAC676 /* Build configuration list for PBXNativeTarget "Swift-Concurrency-TrainingTests" */ = {
			isa = XCConfigurationList;
			buildConfigurations = (
				4518F4D82916627D00AAC676 /* Debug */,
				4518F4D92916627D00AAC676 /* Release */,
			);
			defaultConfigurationIsVisible = 0;
			defaultConfigurationName = Release;
		};
		4557ADC227EE971C00D070BA /* Build configuration list for PBXProject "Swift-Concurrency-Training" */ = {
			isa = XCConfigurationList;
			buildConfigurations = (
				4557ADD327EE971D00D070BA /* Debug */,
				4557ADD427EE971D00D070BA /* Release */,
			);
			defaultConfigurationIsVisible = 0;
			defaultConfigurationName = Release;
		};
		4557ADD527EE971D00D070BA /* Build configuration list for PBXNativeTarget "Swift-Concurrency-Training" */ = {
			isa = XCConfigurationList;
			buildConfigurations = (
				4557ADD627EE971D00D070BA /* Debug */,
				4557ADD727EE971D00D070BA /* Release */,
			);
			defaultConfigurationIsVisible = 0;
			defaultConfigurationName = Release;
		};
/* End XCConfigurationList section */

/* Begin XCRemoteSwiftPackageReference section */
		45A6374F29850EFF00757DFB /* XCRemoteSwiftPackageReference "Entwine" */ = {
			isa = XCRemoteSwiftPackageReference;
			repositoryURL = "https://github.com/tcldr/Entwine";
			requirement = {
				branch = master;
				kind = branch;
			};
		};
/* End XCRemoteSwiftPackageReference section */

/* Begin XCSwiftPackageProductDependency section */
		45A6375029850EFF00757DFB /* EntwineTest */ = {
			isa = XCSwiftPackageProductDependency;
			package = 45A6374F29850EFF00757DFB /* XCRemoteSwiftPackageReference "Entwine" */;
			productName = EntwineTest;
		};
/* End XCSwiftPackageProductDependency section */
	};
	rootObject = 4557ADBF27EE971C00D070BA /* Project object */;
}
