PODS:
  - OHHTTPStubs/Core (9.1.0)
  - OHHTTPStubs/Default (9.1.0):
    - OHHTTPStubs/Core
    - OHHTTPStubs/JSON
    - OHHTTPStubs/NSURLSession
    - OHHTTPStubs/OHPathHelpers
  - OHHTTPStubs/JSON (9.1.0):
    - OHHTTPStubs/Core
  - OHHTTPStubs/NSURLSession (9.1.0):
    - OHHTTPStubs/Core
  - OHHTTPStubs/OHPathHelpers (9.1.0)
  - OHHTTPStubs/Swift (9.1.0):
    - OHHTTPStubs/Default

DEPENDENCIES:
  - OHHTTPStubs/Swift

SPEC REPOS:
  trunk:
    - OHHTTPStubs

SPEC CHECKSUMS:
  OHHTTPStubs: 90eac6d8f2c18317baeca36698523dc67c513831

PODFILE CHECKSUM: d53bf43031cee1e8b8c5951008c2d669d78d7dc2

COCOAPODS: 1.11.3
